
Microsoft Visual Studio Solution File, Format Version 11.00
# Visual Studio 2010
Project("{FAE04EC0-301F-11D3-BF4B-00C04F79EFBC}") = "Fase3_IPC2_S2_2011", "Fase2_IPC2_S2_2011\Fase3_IPC2_S2_2011.csproj", "{CBA4EA89-0049-431E-9D75-99ACD79379D5}"
EndProject
Global
	GlobalSection(SolutionConfigurationPlatforms) = preSolution
		Debug|Any CPU = Debug|Any CPU
		Release|Any CPU = Release|Any CPU
	EndGlobalSection
	GlobalSection(ProjectConfigurationPlatforms) = postSolution
		{CBA4EA89-0049-431E-9D75-99ACD79379D5}.Debug|Any CPU.ActiveCfg = Debug|Any CPU
		{CBA4EA89-0049-431E-9D75-99ACD79379D5}.Debug|Any CPU.Build.0 = Debug|Any CPU
		{CBA4EA89-0049-431E-9D75-99ACD79379D5}.Release|Any CPU.ActiveCfg = Release|Any CPU
		{CBA4EA89-0049-431E-9D75-99ACD79379D5}.Release|Any CPU.Build.0 = Release|Any CPU
	EndGlobalSection
	GlobalSection(SolutionProperties) = preSolution
		HideSolutionNode = FALSE
	EndGlobalSection
EndGlobal
